{
  "requires": true,
  "lockfileVersion": 1,
  "dependencies": {
    "flask-wtf": {
      "version": "0.0.1",
      "resolved": "https://registry.npmjs.org/flask-wtf/-/flask-wtf-0.0.1.tgz",
      "integrity": "sha512-vjKEnQMZ3cVrwhW5ReMD5o3HsgXpsQRVhqeKTMlZk4Ur6jnZuRi7KvdIa2kYf6mrDjjprVSytvquKDOzOmH5cw=="
    }
  }
}
